
Microsoft Visual Studio Solution File, Format Version 12.00
# Visual Studio Version 17
VisualStudioVersion = 17.13.35919.96 d17.13
MinimumVisualStudioVersion = 10.0.40219.1
Project("{FAE04EC0-301F-11D3-BF4B-00C04F79EFBC}") = "TelaLogin", "TelaLogin\TelaLogin.csproj", "{0A8424D0-1C20-4BA5-9F80-9B5FB24E3F63}"
EndProject
Global
	GlobalSection(SolutionConfigurationPlatforms) = preSolution
		Debug|Any CPU = Debug|Any CPU
		Release|Any CPU = Release|Any CPU
	EndGlobalSection
	GlobalSection(ProjectConfigurationPlatforms) = postSolution
		{0A8424D0-1C20-4BA5-9F80-9B5FB24E3F63}.Debug|Any CPU.ActiveCfg = Debug|Any CPU
		{0A8424D0-1C20-4BA5-9F80-9B5FB24E3F63}.Debug|Any CPU.Build.0 = Debug|Any CPU
		{0A8424D0-1C20-4BA5-9F80-9B5FB24E3F63}.Release|Any CPU.ActiveCfg = Release|Any CPU
		{0A8424D0-1C20-4BA5-9F80-9B5FB24E3F63}.Release|Any CPU.Build.0 = Release|Any CPU
	EndGlobalSection
	GlobalSection(SolutionProperties) = preSolution
		HideSolutionNode = FALSE
	EndGlobalSection
	GlobalSection(ExtensibilityGlobals) = postSolution
		SolutionGuid = {B011F079-0C19-481D-B260-9C54FBCC9BCC}
	EndGlobalSection
EndGlobal
